
Microsoft Visual Studio Solution File, Format Version 12.00
# Visual Studio 14
VisualStudioVersion = 14.0.25420.1
MinimumVisualStudioVersion = 10.0.40219.1
Project("{FAE04EC0-301F-11D3-BF4B-00C04F79EFBC}") = "ZahlenWandler", "ZahlenWandler\ZahlenWandler.csproj", "{C1E04CC0-73E9-4E52-8611-4F03BDACBEE9}"
EndProject
Project("{FAE04EC0-301F-11D3-BF4B-00C04F79EFBC}") = "ZahlenWandlerTest", "WandlerTest\ZahlenWandlerTest.csproj", "{C61481C5-F27A-4B22-A798-ED4AE8774273}"
EndProject
Global
	GlobalSection(SolutionConfigurationPlatforms) = preSolution
		Debug|Any CPU = Debug|Any CPU
		Release|Any CPU = Release|Any CPU
	EndGlobalSection
	GlobalSection(ProjectConfigurationPlatforms) = postSolution
		{C1E04CC0-73E9-4E52-8611-4F03BDACBEE9}.Debug|Any CPU.ActiveCfg = Debug|Any CPU
		{C1E04CC0-73E9-4E52-8611-4F03BDACBEE9}.Debug|Any CPU.Build.0 = Debug|Any CPU
		{C1E04CC0-73E9-4E52-8611-4F03BDACBEE9}.Release|Any CPU.ActiveCfg = Release|Any CPU
		{C1E04CC0-73E9-4E52-8611-4F03BDACBEE9}.Release|Any CPU.Build.0 = Release|Any CPU
		{C61481C5-F27A-4B22-A798-ED4AE8774273}.Debug|Any CPU.ActiveCfg = Debug|Any CPU
		{C61481C5-F27A-4B22-A798-ED4AE8774273}.Debug|Any CPU.Build.0 = Debug|Any CPU
		{C61481C5-F27A-4B22-A798-ED4AE8774273}.Release|Any CPU.ActiveCfg = Release|Any CPU
		{C61481C5-F27A-4B22-A798-ED4AE8774273}.Release|Any CPU.Build.0 = Release|Any CPU
	EndGlobalSection
	GlobalSection(SolutionProperties) = preSolution
		HideSolutionNode = FALSE
	EndGlobalSection
EndGlobal
